
Microsoft Visual Studio Solution File, Format Version 12.00
# Visual Studio Version 17
VisualStudioVersion = 17.8.34511.84
MinimumVisualStudioVersion = 10.0.40219.1
Project("{9A19103F-16F7-4668-BE54-9A1E7A4F7556}") = "WebTotalComander.Server", "WebTotalComander.Server\WebTotalComander.Server.csproj", "{D97B5D8C-CDC9-4349-9439-5F4253DDD33B}"
EndProject
Project("{54A90642-561A-4BB1-A94E-469ADEE60C69}") = "webtotalcomander.client", "webtotalcomander.client\webtotalcomander.client.esproj", "{E740009D-0F67-497B-8530-B910A366855F}"
EndProject
Project("{9A19103F-16F7-4668-BE54-9A1E7A4F7556}") = "WebTotalComander.Service", "WebTotalComander.Service\WebTotalComander.Service.csproj", "{FD71A920-2945-4F9E-A079-20F8E2E96426}"
EndProject
Project("{9A19103F-16F7-4668-BE54-9A1E7A4F7556}") = "WebTotalComander.Repository", "WebTotalComander.Repository\WebTotalComander.Repository.csproj", "{EE2689C5-4FA8-4F04-84D8-A26BFCC4F198}"
EndProject
Project("{9A19103F-16F7-4668-BE54-9A1E7A4F7556}") = "WebTotalComander.Core", "WebTotalComander.Core\WebTotalComander.Core.csproj", "{0389B061-7F0F-408F-A79F-041AE881DCB5}"
EndProject
Global
	GlobalSection(SolutionConfigurationPlatforms) = preSolution
		Debug|Any CPU = Debug|Any CPU
		Release|Any CPU = Release|Any CPU
	EndGlobalSection
	GlobalSection(ProjectConfigurationPlatforms) = postSolution
		{D97B5D8C-CDC9-4349-9439-5F4253DDD33B}.Debug|Any CPU.ActiveCfg = Debug|Any CPU
		{D97B5D8C-CDC9-4349-9439-5F4253DDD33B}.Debug|Any CPU.Build.0 = Debug|Any CPU
		{D97B5D8C-CDC9-4349-9439-5F4253DDD33B}.Release|Any CPU.ActiveCfg = Release|Any CPU
		{D97B5D8C-CDC9-4349-9439-5F4253DDD33B}.Release|Any CPU.Build.0 = Release|Any CPU
		{E740009D-0F67-497B-8530-B910A366855F}.Debug|Any CPU.ActiveCfg = Debug|Any CPU
		{E740009D-0F67-497B-8530-B910A366855F}.Debug|Any CPU.Build.0 = Debug|Any CPU
		{E740009D-0F67-497B-8530-B910A366855F}.Debug|Any CPU.Deploy.0 = Debug|Any CPU
		{E740009D-0F67-497B-8530-B910A366855F}.Release|Any CPU.ActiveCfg = Release|Any CPU
		{E740009D-0F67-497B-8530-B910A366855F}.Release|Any CPU.Build.0 = Release|Any CPU
		{E740009D-0F67-497B-8530-B910A366855F}.Release|Any CPU.Deploy.0 = Release|Any CPU
		{FD71A920-2945-4F9E-A079-20F8E2E96426}.Debug|Any CPU.ActiveCfg = Debug|Any CPU
		{FD71A920-2945-4F9E-A079-20F8E2E96426}.Debug|Any CPU.Build.0 = Debug|Any CPU
		{FD71A920-2945-4F9E-A079-20F8E2E96426}.Release|Any CPU.ActiveCfg = Release|Any CPU
		{FD71A920-2945-4F9E-A079-20F8E2E96426}.Release|Any CPU.Build.0 = Release|Any CPU
		{EE2689C5-4FA8-4F04-84D8-A26BFCC4F198}.Debug|Any CPU.ActiveCfg = Debug|Any CPU
		{EE2689C5-4FA8-4F04-84D8-A26BFCC4F198}.Debug|Any CPU.Build.0 = Debug|Any CPU
		{EE2689C5-4FA8-4F04-84D8-A26BFCC4F198}.Release|Any CPU.ActiveCfg = Release|Any CPU
		{EE2689C5-4FA8-4F04-84D8-A26BFCC4F198}.Release|Any CPU.Build.0 = Release|Any CPU
		{0389B061-7F0F-408F-A79F-041AE881DCB5}.Debug|Any CPU.ActiveCfg = Debug|Any CPU
		{0389B061-7F0F-408F-A79F-041AE881DCB5}.Debug|Any CPU.Build.0 = Debug|Any CPU
		{0389B061-7F0F-408F-A79F-041AE881DCB5}.Release|Any CPU.ActiveCfg = Release|Any CPU
		{0389B061-7F0F-408F-A79F-041AE881DCB5}.Release|Any CPU.Build.0 = Release|Any CPU
	EndGlobalSection
	GlobalSection(SolutionProperties) = preSolution
		HideSolutionNode = FALSE
	EndGlobalSection
	GlobalSection(ExtensibilityGlobals) = postSolution
		SolutionGuid = {A1007694-B334-4752-A78F-14F8C3722686}
	EndGlobalSection
EndGlobal
